
Microsoft Visual Studio Solution File, Format Version 12.00
# Visual Studio Version 17
VisualStudioVersion = 17.1.32210.238
MinimumVisualStudioVersion = 10.0.40219.1
Project("{FAE04EC0-301F-11D3-BF4B-00C04F79EFBC}") = "ConceptsPOO", "ConceptsPOO\ConceptsPOO.csproj", "{FAB5CDE2-4DCE-4ECC-A2F1-F38FF591474B}"
EndProject
Global
	GlobalSection(SolutionConfigurationPlatforms) = preSolution
		Debug|Any CPU = Debug|Any CPU
		Release|Any CPU = Release|Any CPU
	EndGlobalSection
	GlobalSection(ProjectConfigurationPlatforms) = postSolution
		{FAB5CDE2-4DCE-4ECC-A2F1-F38FF591474B}.Debug|Any CPU.ActiveCfg = Debug|Any CPU
		{FAB5CDE2-4DCE-4ECC-A2F1-F38FF591474B}.Debug|Any CPU.Build.0 = Debug|Any CPU
		{FAB5CDE2-4DCE-4ECC-A2F1-F38FF591474B}.Release|Any CPU.ActiveCfg = Release|Any CPU
		{FAB5CDE2-4DCE-4ECC-A2F1-F38FF591474B}.Release|Any CPU.Build.0 = Release|Any CPU
	EndGlobalSection
	GlobalSection(SolutionProperties) = preSolution
		HideSolutionNode = FALSE
	EndGlobalSection
	GlobalSection(ExtensibilityGlobals) = postSolution
		SolutionGuid = {8FFC1526-4586-4B59-8FA5-D91AB8B1C44E}
	EndGlobalSection
EndGlobal
